
Microsoft Visual Studio Solution File, Format Version 12.00
# Visual Studio Version 16
VisualStudioVersion = 16.0.31129.286
MinimumVisualStudioVersion = 10.0.40219.1
Project("{9A19103F-16F7-4668-BE54-9A1E7A4F7556}") = "Engine.Desktop", "Engine.Desktop\Engine.Desktop.csproj", "{AC0549AD-16E7-45DD-98B9-67C4EF5AC4B4}"
EndProject
Project("{9A19103F-16F7-4668-BE54-9A1E7A4F7556}") = "Engine", "Engine\Engine.csproj", "{18AEED65-16B3-455A-AE99-B9474B2C90B4}"
EndProject
Project("{9A19103F-16F7-4668-BE54-9A1E7A4F7556}") = "game", "game\game.csproj", "{E79B7A8D-664F-423B-9A8E-DC55610BD5CB}"
EndProject
Project("{FAE04EC0-301F-11D3-BF4B-00C04F79EFBC}") = "Enigne.Android", "Enigne.Android\Enigne.Android.csproj", "{8AA76152-9AF5-4D2D-BC64-56FC04CC1966}"
EndProject
Project("{FAE04EC0-301F-11D3-BF4B-00C04F79EFBC}") = "MGSkinnedModel", "MGSkinnedModel\MGSkinnedModel.csproj", "{224642CF-0817-4FBA-BBD9-845749FD6A54}"
EndProject
Project("{FAE04EC0-301F-11D3-BF4B-00C04F79EFBC}") = "MGSkinnedModelPipeline", "MGSkinnedModelPipeline\MGSkinnedModelPipeline.csproj", "{B24FF9DE-1176-44DF-A449-1EB1BB70CE85}"
EndProject
Global
	GlobalSection(SolutionConfigurationPlatforms) = preSolution
		Debug|Any CPU = Debug|Any CPU
		Release|Any CPU = Release|Any CPU
	EndGlobalSection
	GlobalSection(ProjectConfigurationPlatforms) = postSolution
		{AC0549AD-16E7-45DD-98B9-67C4EF5AC4B4}.Debug|Any CPU.ActiveCfg = Debug|Any CPU
		{AC0549AD-16E7-45DD-98B9-67C4EF5AC4B4}.Debug|Any CPU.Build.0 = Debug|Any CPU
		{AC0549AD-16E7-45DD-98B9-67C4EF5AC4B4}.Release|Any CPU.ActiveCfg = Release|Any CPU
		{AC0549AD-16E7-45DD-98B9-67C4EF5AC4B4}.Release|Any CPU.Build.0 = Release|Any CPU
		{18AEED65-16B3-455A-AE99-B9474B2C90B4}.Debug|Any CPU.ActiveCfg = Debug|Any CPU
		{18AEED65-16B3-455A-AE99-B9474B2C90B4}.Debug|Any CPU.Build.0 = Debug|Any CPU
		{18AEED65-16B3-455A-AE99-B9474B2C90B4}.Release|Any CPU.ActiveCfg = Release|Any CPU
		{18AEED65-16B3-455A-AE99-B9474B2C90B4}.Release|Any CPU.Build.0 = Release|Any CPU
		{E79B7A8D-664F-423B-9A8E-DC55610BD5CB}.Debug|Any CPU.ActiveCfg = Debug|Any CPU
		{E79B7A8D-664F-423B-9A8E-DC55610BD5CB}.Debug|Any CPU.Build.0 = Debug|Any CPU
		{E79B7A8D-664F-423B-9A8E-DC55610BD5CB}.Release|Any CPU.ActiveCfg = Release|Any CPU
		{E79B7A8D-664F-423B-9A8E-DC55610BD5CB}.Release|Any CPU.Build.0 = Release|Any CPU
		{8AA76152-9AF5-4D2D-BC64-56FC04CC1966}.Debug|Any CPU.ActiveCfg = Debug|Any CPU
		{8AA76152-9AF5-4D2D-BC64-56FC04CC1966}.Debug|Any CPU.Build.0 = Debug|Any CPU
		{8AA76152-9AF5-4D2D-BC64-56FC04CC1966}.Debug|Any CPU.Deploy.0 = Debug|Any CPU
		{8AA76152-9AF5-4D2D-BC64-56FC04CC1966}.Release|Any CPU.ActiveCfg = Release|Any CPU
		{8AA76152-9AF5-4D2D-BC64-56FC04CC1966}.Release|Any CPU.Build.0 = Release|Any CPU
		{8AA76152-9AF5-4D2D-BC64-56FC04CC1966}.Release|Any CPU.Deploy.0 = Release|Any CPU
		{224642CF-0817-4FBA-BBD9-845749FD6A54}.Debug|Any CPU.ActiveCfg = Debug|Any CPU
		{224642CF-0817-4FBA-BBD9-845749FD6A54}.Debug|Any CPU.Build.0 = Debug|Any CPU
		{224642CF-0817-4FBA-BBD9-845749FD6A54}.Release|Any CPU.ActiveCfg = Release|Any CPU
		{224642CF-0817-4FBA-BBD9-845749FD6A54}.Release|Any CPU.Build.0 = Release|Any CPU
		{B24FF9DE-1176-44DF-A449-1EB1BB70CE85}.Debug|Any CPU.ActiveCfg = Debug|Any CPU
		{B24FF9DE-1176-44DF-A449-1EB1BB70CE85}.Debug|Any CPU.Build.0 = Debug|Any CPU
		{B24FF9DE-1176-44DF-A449-1EB1BB70CE85}.Release|Any CPU.ActiveCfg = Release|Any CPU
		{B24FF9DE-1176-44DF-A449-1EB1BB70CE85}.Release|Any CPU.Build.0 = Release|Any CPU
	EndGlobalSection
	GlobalSection(SolutionProperties) = preSolution
		HideSolutionNode = FALSE
	EndGlobalSection
	GlobalSection(ExtensibilityGlobals) = postSolution
		SolutionGuid = {B3080AFF-5721-4419-B1AC-10AFAC9C5F6D}
	EndGlobalSection
EndGlobal
